// !$*UTF8*$!
{
	archiveVersion = 1;
	classes = {
	};
	objectVersion = 46;
	objects = {

/* Begin PBXBuildFile section */
		AA103CA11C5C5368006D2BC0 /* BLMUtils.m in Sources */ = {isa = PBXBuildFile; fileRef = AA103CA01C5C5368006D2BC0 /* BLMUtils.m */; };
		AA103CA41C5CBF90006D2BC0 /* BLMBehavior.m in Sources */ = {isa = PBXBuildFile; fileRef = AA103CA31C5CBF90006D2BC0 /* BLMBehavior.m */; };
		AAB5616A1C5D775D00D454F8 /* BLMViewUtils.m in Sources */ = {isa = PBXBuildFile; fileRef = AAB561691C5D775D00D454F8 /* BLMViewUtils.m */; };
		AABA33401C3D2FB10086A9A1 /* main.m in Sources */ = {isa = PBXBuildFile; fileRef = AABA333F1C3D2FB10086A9A1 /* main.m */; };
		AABA33431C3D2FB10086A9A1 /* BLMAppDelegate.m in Sources */ = {isa = PBXBuildFile; fileRef = AABA33421C3D2FB10086A9A1 /* BLMAppDelegate.m */; };
		AABA334B1C3D2FB10086A9A1 /* Assets.xcassets in Resources */ = {isa = PBXBuildFile; fileRef = AABA334A1C3D2FB10086A9A1 /* Assets.xcassets */; };
		AABA334E1C3D2FB10086A9A1 /* LaunchScreen.storyboard in Resources */ = {isa = PBXBuildFile; fileRef = AABA334C1C3D2FB10086A9A1 /* LaunchScreen.storyboard */; };
		AABA336B1C3D3CCB0086A9A1 /* BLMDataManager.m in Sources */ = {isa = PBXBuildFile; fileRef = AABA336A1C3D3CCB0086A9A1 /* BLMDataManager.m */; };
		AABA33891C3DC4220086A9A1 /* BLMProject.m in Sources */ = {isa = PBXBuildFile; fileRef = AABA33881C3DC4210086A9A1 /* BLMProject.m */; };
		AABA338F1C3DC58A0086A9A1 /* BLMSession.m in Sources */ = {isa = PBXBuildFile; fileRef = AABA338E1C3DC58A0086A9A1 /* BLMSession.m */; };
		AABA33921C3DCF990086A9A1 /* BLMProjectMenuController.m in Sources */ = {isa = PBXBuildFile; fileRef = AABA33911C3DCF990086A9A1 /* BLMProjectMenuController.m */; };
		AABA33951C3DD0660086A9A1 /* BLMProjectDetailController.m in Sources */ = {isa = PBXBuildFile; fileRef = AABA33941C3DD0660086A9A1 /* BLMProjectDetailController.m */; };
/* End PBXBuildFile section */

/* Begin PBXFileReference section */
		AA103C9F1C5C5368006D2BC0 /* BLMUtils.h */ = {isa = PBXFileReference; fileEncoding = 4; lastKnownFileType = sourcecode.c.h; path = BLMUtils.h; sourceTree = "<group>"; };
		AA103CA01C5C5368006D2BC0 /* BLMUtils.m */ = {isa = PBXFileReference; fileEncoding = 4; lastKnownFileType = sourcecode.c.objc; path = BLMUtils.m; sourceTree = "<group>"; };
		AA103CA21C5CBF90006D2BC0 /* BLMBehavior.h */ = {isa = PBXFileReference; fileEncoding = 4; lastKnownFileType = sourcecode.c.h; path = BLMBehavior.h; sourceTree = "<group>"; };
		AA103CA31C5CBF90006D2BC0 /* BLMBehavior.m */ = {isa = PBXFileReference; fileEncoding = 4; lastKnownFileType = sourcecode.c.objc; path = BLMBehavior.m; sourceTree = "<group>"; };
		AAB561681C5D775D00D454F8 /* BLMViewUtils.h */ = {isa = PBXFileReference; fileEncoding = 4; lastKnownFileType = sourcecode.c.h; path = BLMViewUtils.h; sourceTree = "<group>"; };
		AAB561691C5D775D00D454F8 /* BLMViewUtils.m */ = {isa = PBXFileReference; fileEncoding = 4; lastKnownFileType = sourcecode.c.objc; path = BLMViewUtils.m; sourceTree = "<group>"; };
		AABA333B1C3D2FB10086A9A1 /* BehaviorLogger.app */ = {isa = PBXFileReference; explicitFileType = wrapper.application; includeInIndex = 0; path = BehaviorLogger.app; sourceTree = BUILT_PRODUCTS_DIR; };
		AABA333F1C3D2FB10086A9A1 /* main.m */ = {isa = PBXFileReference; lastKnownFileType = sourcecode.c.objc; path = main.m; sourceTree = "<group>"; };
		AABA33411C3D2FB10086A9A1 /* BLMAppDelegate.h */ = {isa = PBXFileReference; lastKnownFileType = sourcecode.c.h; path = BLMAppDelegate.h; sourceTree = "<group>"; };
		AABA33421C3D2FB10086A9A1 /* BLMAppDelegate.m */ = {isa = PBXFileReference; lastKnownFileType = sourcecode.c.objc; path = BLMAppDelegate.m; sourceTree = "<group>"; };
		AABA334A1C3D2FB10086A9A1 /* Assets.xcassets */ = {isa = PBXFileReference; lastKnownFileType = folder.assetcatalog; path = Assets.xcassets; sourceTree = "<group>"; };
		AABA334D1C3D2FB10086A9A1 /* Base */ = {isa = PBXFileReference; lastKnownFileType = file.storyboard; name = Base; path = Base.lproj/LaunchScreen.storyboard; sourceTree = "<group>"; };
		AABA334F1C3D2FB10086A9A1 /* Info.plist */ = {isa = PBXFileReference; lastKnownFileType = text.plist.xml; path = Info.plist; sourceTree = "<group>"; };
		AABA33691C3D3CCB0086A9A1 /* BLMDataManager.h */ = {isa = PBXFileReference; fileEncoding = 4; lastKnownFileType = sourcecode.c.h; path = BLMDataManager.h; sourceTree = "<group>"; };
		AABA336A1C3D3CCB0086A9A1 /* BLMDataManager.m */ = {isa = PBXFileReference; fileEncoding = 4; lastKnownFileType = sourcecode.c.objc; path = BLMDataManager.m; sourceTree = "<group>"; };
		AABA33871C3DC4210086A9A1 /* BLMProject.h */ = {isa = PBXFileReference; fileEncoding = 4; lastKnownFileType = sourcecode.c.h; path = BLMProject.h; sourceTree = "<group>"; };
		AABA33881C3DC4210086A9A1 /* BLMProject.m */ = {isa = PBXFileReference; fileEncoding = 4; lastKnownFileType = sourcecode.c.objc; path = BLMProject.m; sourceTree = "<group>"; };
		AABA338D1C3DC58A0086A9A1 /* BLMSession.h */ = {isa = PBXFileReference; fileEncoding = 4; lastKnownFileType = sourcecode.c.h; path = BLMSession.h; sourceTree = "<group>"; };
		AABA338E1C3DC58A0086A9A1 /* BLMSession.m */ = {isa = PBXFileReference; fileEncoding = 4; lastKnownFileType = sourcecode.c.objc; path = BLMSession.m; sourceTree = "<group>"; };
		AABA33901C3DCF990086A9A1 /* BLMProjectMenuController.h */ = {isa = PBXFileReference; fileEncoding = 4; lastKnownFileType = sourcecode.c.h; path = BLMProjectMenuController.h; sourceTree = "<group>"; };
		AABA33911C3DCF990086A9A1 /* BLMProjectMenuController.m */ = {isa = PBXFileReference; fileEncoding = 4; lastKnownFileType = sourcecode.c.objc; path = BLMProjectMenuController.m; sourceTree = "<group>"; };
		AABA33931C3DD0660086A9A1 /* BLMProjectDetailController.h */ = {isa = PBXFileReference; fileEncoding = 4; lastKnownFileType = sourcecode.c.h; path = BLMProjectDetailController.h; sourceTree = "<group>"; };
		AABA33941C3DD0660086A9A1 /* BLMProjectDetailController.m */ = {isa = PBXFileReference; fileEncoding = 4; lastKnownFileType = sourcecode.c.objc; path = BLMProjectDetailController.m; sourceTree = "<group>"; };
/* End PBXFileReference section */

/* Begin PBXFrameworksBuildPhase section */
		AABA33381C3D2FB10086A9A1 /* Frameworks */ = {
			isa = PBXFrameworksBuildPhase;
			buildActionMask = 2147483647;
			files = (
			);
			runOnlyForDeploymentPostprocessing = 0;
		};
/* End PBXFrameworksBuildPhase section */

/* Begin PBXGroup section */
		AAB561671C5D772D00D454F8 /* Utilities */ = {
			isa = PBXGroup;
			children = (
				AA103C9F1C5C5368006D2BC0 /* BLMUtils.h */,
				AA103CA01C5C5368006D2BC0 /* BLMUtils.m */,
				AAB561681C5D775D00D454F8 /* BLMViewUtils.h */,
				AAB561691C5D775D00D454F8 /* BLMViewUtils.m */,
			);
			name = Utilities;
			sourceTree = "<group>";
		};
		AABA33321C3D2FB10086A9A1 = {
			isa = PBXGroup;
			children = (
				AABA333D1C3D2FB10086A9A1 /* BehaviorLogger */,
				AABA333C1C3D2FB10086A9A1 /* Products */,
			);
			sourceTree = "<group>";
		};
		AABA333C1C3D2FB10086A9A1 /* Products */ = {
			isa = PBXGroup;
			children = (
				AABA333B1C3D2FB10086A9A1 /* BehaviorLogger.app */,
			);
			name = Products;
			sourceTree = "<group>";
		};
		AABA333D1C3D2FB10086A9A1 /* BehaviorLogger */ = {
			isa = PBXGroup;
			children = (
				AABA33411C3D2FB10086A9A1 /* BLMAppDelegate.h */,
				AABA33421C3D2FB10086A9A1 /* BLMAppDelegate.m */,
				AAB561671C5D772D00D454F8 /* Utilities */,
				AABA335B1C3D39090086A9A1 /* Model */,
				AABA33571C3D32540086A9A1 /* Controllers */,
				AABA333E1C3D2FB10086A9A1 /* Supporting Files */,
			);
			path = BehaviorLogger;
			sourceTree = "<group>";
		};
		AABA333E1C3D2FB10086A9A1 /* Supporting Files */ = {
			isa = PBXGroup;
			children = (
				AABA334C1C3D2FB10086A9A1 /* LaunchScreen.storyboard */,
				AABA334A1C3D2FB10086A9A1 /* Assets.xcassets */,
				AABA334F1C3D2FB10086A9A1 /* Info.plist */,
				AABA333F1C3D2FB10086A9A1 /* main.m */,
			);
			name = "Supporting Files";
			sourceTree = "<group>";
		};
		AABA33571C3D32540086A9A1 /* Controllers */ = {
			isa = PBXGroup;
			children = (
				AABA33901C3DCF990086A9A1 /* BLMProjectMenuController.h */,
				AABA33911C3DCF990086A9A1 /* BLMProjectMenuController.m */,
				AABA33931C3DD0660086A9A1 /* BLMProjectDetailController.h */,
				AABA33941C3DD0660086A9A1 /* BLMProjectDetailController.m */,
			);
			name = Controllers;
			sourceTree = "<group>";
		};
		AABA335B1C3D39090086A9A1 /* Model */ = {
			isa = PBXGroup;
			children = (
				AABA33691C3D3CCB0086A9A1 /* BLMDataManager.h */,
				AABA336A1C3D3CCB0086A9A1 /* BLMDataManager.m */,
				AABA33871C3DC4210086A9A1 /* BLMProject.h */,
				AABA33881C3DC4210086A9A1 /* BLMProject.m */,
				AA103CA21C5CBF90006D2BC0 /* BLMBehavior.h */,
				AA103CA31C5CBF90006D2BC0 /* BLMBehavior.m */,
				AABA338D1C3DC58A0086A9A1 /* BLMSession.h */,
				AABA338E1C3DC58A0086A9A1 /* BLMSession.m */,
			);
			name = Model;
			sourceTree = "<group>";
		};
/* End PBXGroup section */

/* Begin PBXNativeTarget section */
		AABA333A1C3D2FB10086A9A1 /* BehaviorLogger */ = {
			isa = PBXNativeTarget;
			buildConfigurationList = AABA33521C3D2FB10086A9A1 /* Build configuration list for PBXNativeTarget "BehaviorLogger" */;
			buildPhases = (
				AABA33371C3D2FB10086A9A1 /* Sources */,
				AABA33381C3D2FB10086A9A1 /* Frameworks */,
				AABA33391C3D2FB10086A9A1 /* Resources */,
			);
			buildRules = (
			);
			dependencies = (
			);
			name = BehaviorLogger;
			productName = BehaviorLogger;
			productReference = AABA333B1C3D2FB10086A9A1 /* BehaviorLogger.app */;
			productType = "com.apple.product-type.application";
		};
/* End PBXNativeTarget section */

/* Begin PBXProject section */
		AABA33331C3D2FB10086A9A1 /* Project object */ = {
			isa = PBXProject;
			attributes = {
				LastUpgradeCheck = 0720;
				ORGANIZATIONNAME = 3Bird;
				TargetAttributes = {
					AABA333A1C3D2FB10086A9A1 = {
						CreatedOnToolsVersion = 7.2;
					};
				};
			};
			buildConfigurationList = AABA33361C3D2FB10086A9A1 /* Build configuration list for PBXProject "BehaviorLogger" */;
			compatibilityVersion = "Xcode 3.2";
			developmentRegion = English;
			hasScannedForEncodings = 0;
			knownRegions = (
				en,
				Base,
			);
			mainGroup = AABA33321C3D2FB10086A9A1;
			productRefGroup = AABA333C1C3D2FB10086A9A1 /* Products */;
			projectDirPath = "";
			projectRoot = "";
			targets = (
				AABA333A1C3D2FB10086A9A1 /* BehaviorLogger */,
			);
		};
/* End PBXProject section */

/* Begin PBXResourcesBuildPhase section */
		AABA33391C3D2FB10086A9A1 /* Resources */ = {
			isa = PBXResourcesBuildPhase;
			buildActionMask = 2147483647;
			files = (
				AABA334E1C3D2FB10086A9A1 /* LaunchScreen.storyboard in Resources */,
				AABA334B1C3D2FB10086A9A1 /* Assets.xcassets in Resources */,
			);
			runOnlyForDeploymentPostprocessing = 0;
		};
/* End PBXResourcesBuildPhase section */

/* Begin PBXSourcesBuildPhase section */
		AABA33371C3D2FB10086A9A1 /* Sources */ = {
			isa = PBXSourcesBuildPhase;
			buildActionMask = 2147483647;
			files = (
				AABA33951C3DD0660086A9A1 /* BLMProjectDetailController.m in Sources */,
				AA103CA41C5CBF90006D2BC0 /* BLMBehavior.m in Sources */,
				AABA33891C3DC4220086A9A1 /* BLMProject.m in Sources */,
				AA103CA11C5C5368006D2BC0 /* BLMUtils.m in Sources */,
				AABA338F1C3DC58A0086A9A1 /* BLMSession.m in Sources */,
				AABA336B1C3D3CCB0086A9A1 /* BLMDataManager.m in Sources */,
				AAB5616A1C5D775D00D454F8 /* BLMViewUtils.m in Sources */,
				AABA33431C3D2FB10086A9A1 /* BLMAppDelegate.m in Sources */,
				AABA33921C3DCF990086A9A1 /* BLMProjectMenuController.m in Sources */,
				AABA33401C3D2FB10086A9A1 /* main.m in Sources */,
			);
			runOnlyForDeploymentPostprocessing = 0;
		};
/* End PBXSourcesBuildPhase section */

/* Begin PBXVariantGroup section */
		AABA334C1C3D2FB10086A9A1 /* LaunchScreen.storyboard */ = {
			isa = PBXVariantGroup;
			children = (
				AABA334D1C3D2FB10086A9A1 /* Base */,
			);
			name = LaunchScreen.storyboard;
			sourceTree = "<group>";
		};
/* End PBXVariantGroup section */

/* Begin XCBuildConfiguration section */
		AABA33501C3D2FB10086A9A1 /* Debug */ = {
			isa = XCBuildConfiguration;
			buildSettings = {
				ALWAYS_SEARCH_USER_PATHS = NO;
				CLANG_CXX_LANGUAGE_STANDARD = "gnu++0x";
				CLANG_CXX_LIBRARY = "libc++";
				CLANG_ENABLE_MODULES = YES;
				CLANG_ENABLE_OBJC_ARC = YES;
				CLANG_WARN_BOOL_CONVERSION = YES;
				CLANG_WARN_CONSTANT_CONVERSION = YES;
				CLANG_WARN_DIRECT_OBJC_ISA_USAGE = YES_ERROR;
				CLANG_WARN_EMPTY_BODY = YES;
				CLANG_WARN_ENUM_CONVERSION = YES;
				CLANG_WARN_INT_CONVERSION = YES;
				CLANG_WARN_OBJC_ROOT_CLASS = YES_ERROR;
				CLANG_WARN_UNREACHABLE_CODE = YES;
				CLANG_WARN__DUPLICATE_METHOD_MATCH = YES;
				"CODE_SIGN_IDENTITY[sdk=iphoneos*]" = "iPhone Developer";
				COPY_PHASE_STRIP = NO;
				DEBUG_INFORMATION_FORMAT = dwarf;
				ENABLE_STRICT_OBJC_MSGSEND = YES;
				ENABLE_TESTABILITY = YES;
				GCC_C_LANGUAGE_STANDARD = gnu99;
				GCC_DYNAMIC_NO_PIC = NO;
				GCC_NO_COMMON_BLOCKS = YES;
				GCC_OPTIMIZATION_LEVEL = 0;
				GCC_PREPROCESSOR_DEFINITIONS = (
					"DEBUG=1",
					"$(inherited)",
				);
				GCC_WARN_64_TO_32_BIT_CONVERSION = YES;
				GCC_WARN_ABOUT_RETURN_TYPE = YES_ERROR;
				GCC_WARN_UNDECLARED_SELECTOR = YES;
				GCC_WARN_UNINITIALIZED_AUTOS = YES_AGGRESSIVE;
				GCC_WARN_UNUSED_FUNCTION = YES;
				GCC_WARN_UNUSED_VARIABLE = YES;
				IPHONEOS_DEPLOYMENT_TARGET = 9.2;
				MTL_ENABLE_DEBUG_INFO = YES;
				ONLY_ACTIVE_ARCH = YES;
				SDKROOT = iphoneos;
				TARGETED_DEVICE_FAMILY = 2;
			};
			name = Debug;
		};
		AABA33511C3D2FB10086A9A1 /* Release */ = {
			isa = XCBuildConfiguration;
			buildSettings = {
				ALWAYS_SEARCH_USER_PATHS = NO;
				CLANG_CXX_LANGUAGE_STANDARD = "gnu++0x";
				CLANG_CXX_LIBRARY = "libc++";
				CLANG_ENABLE_MODULES = YES;
				CLANG_ENABLE_OBJC_ARC = YES;
				CLANG_WARN_BOOL_CONVERSION = YES;
				CLANG_WARN_CONSTANT_CONVERSION = YES;
				CLANG_WARN_DIRECT_OBJC_ISA_USAGE = YES_ERROR;
				CLANG_WARN_EMPTY_BODY = YES;
				CLANG_WARN_ENUM_CONVERSION = YES;
				CLANG_WARN_INT_CONVERSION = YES;
				CLANG_WARN_OBJC_ROOT_CLASS = YES_ERROR;
				CLANG_WARN_UNREACHABLE_CODE = YES;
				CLANG_WARN__DUPLICATE_METHOD_MATCH = YES;
				"CODE_SIGN_IDENTITY[sdk=iphoneos*]" = "iPhone Developer";
				COPY_PHASE_STRIP = NO;
				DEBUG_INFORMATION_FORMAT = "dwarf-with-dsym";
				ENABLE_NS_ASSERTIONS = NO;
				ENABLE_STRICT_OBJC_MSGSEND = YES;
				GCC_C_LANGUAGE_STANDARD = gnu99;
				GCC_NO_COMMON_BLOCKS = YES;
				GCC_WARN_64_TO_32_BIT_CONVERSION = YES;
				GCC_WARN_ABOUT_RETURN_TYPE = YES_ERROR;
				GCC_WARN_UNDECLARED_SELECTOR = YES;
				GCC_WARN_UNINITIALIZED_AUTOS = YES_AGGRESSIVE;
				GCC_WARN_UNUSED_FUNCTION = YES;
				GCC_WARN_UNUSED_VARIABLE = YES;
				IPHONEOS_DEPLOYMENT_TARGET = 9.2;
				MTL_ENABLE_DEBUG_INFO = NO;
				SDKROOT = iphoneos;
				TARGETED_DEVICE_FAMILY = 2;
				VALIDATE_PRODUCT = YES;
			};
			name = Release;
		};
		AABA33531C3D2FB10086A9A1 /* Debug */ = {
			isa = XCBuildConfiguration;
			buildSettings = {
				ASSETCATALOG_COMPILER_APPICON_NAME = AppIcon;
				INFOPLIST_FILE = BehaviorLogger/Info.plist;
				LD_RUNPATH_SEARCH_PATHS = "$(inherited) @executable_path/Frameworks";
				PRODUCT_BUNDLE_IDENTIFIER = com.3bird.BehaviorLogger;
				PRODUCT_NAME = "$(TARGET_NAME)";
			};
			name = Debug;
		};
		AABA33541C3D2FB10086A9A1 /* Release */ = {
			isa = XCBuildConfiguration;
			buildSettings = {
				ASSETCATALOG_COMPILER_APPICON_NAME = AppIcon;
				INFOPLIST_FILE = BehaviorLogger/Info.plist;
				LD_RUNPATH_SEARCH_PATHS = "$(inherited) @executable_path/Frameworks";
				PRODUCT_BUNDLE_IDENTIFIER = com.3bird.BehaviorLogger;
				PRODUCT_NAME = "$(TARGET_NAME)";
			};
			name = Release;
		};
/* End XCBuildConfiguration section */

/* Begin XCConfigurationList section */
		AABA33361C3D2FB10086A9A1 /* Build configuration list for PBXProject "BehaviorLogger" */ = {
			isa = XCConfigurationList;
			buildConfigurations = (
				AABA33501C3D2FB10086A9A1 /* Debug */,
				AABA33511C3D2FB10086A9A1 /* Release */,
			);
			defaultConfigurationIsVisible = 0;
			defaultConfigurationName = Release;
		};
		AABA33521C3D2FB10086A9A1 /* Build configuration list for PBXNativeTarget "BehaviorLogger" */ = {
			isa = XCConfigurationList;
			buildConfigurations = (
				AABA33531C3D2FB10086A9A1 /* Debug */,
				AABA33541C3D2FB10086A9A1 /* Release */,
			);
			defaultConfigurationIsVisible = 0;
			defaultConfigurationName = Release;
		};
/* End XCConfigurationList section */
	};
	rootObject = AABA33331C3D2FB10086A9A1 /* Project object */;
}
